
Microsoft Visual Studio Solution File, Format Version 12.00
# Visual Studio 15
VisualStudioVersion = 15.0.28010.2050
MinimumVisualStudioVersion = 10.0.40219.1
Project("{FAE04EC0-301F-11D3-BF4B-00C04F79EFBC}") = "XamarinFormCallFsharp.Android", "XamarinFormCallFsharp\XamarinFormCallFsharp.Android\XamarinFormCallFsharp.Android.csproj", "{62043B2F-FCBE-4E5C-8A83-D99BCFD739E2}"
EndProject
Project("{FAE04EC0-301F-11D3-BF4B-00C04F79EFBC}") = "XamarinFormCallFsharp.iOS", "XamarinFormCallFsharp\XamarinFormCallFsharp.iOS\XamarinFormCallFsharp.iOS.csproj", "{DF17FF4F-32E2-4B4A-8060-A841A9D4C0EC}"
EndProject
Project("{FAE04EC0-301F-11D3-BF4B-00C04F79EFBC}") = "XamarinFormCallFsharp.UWP", "XamarinFormCallFsharp\XamarinFormCallFsharp.UWP\XamarinFormCallFsharp.UWP.csproj", "{134F151F-6278-49D6-99B3-DA5A11B6666C}"
EndProject
Project("{FAE04EC0-301F-11D3-BF4B-00C04F79EFBC}") = "XamarinFormCallFsharp", "XamarinFormCallFsharp\XamarinFormCallFsharp\XamarinFormCallFsharp.csproj", "{EAD63838-1B35-4563-97DB-D3F370CD5308}"
EndProject
Global
	GlobalSection(SolutionConfigurationPlatforms) = preSolution
		Ad-Hoc|Any CPU = Ad-Hoc|Any CPU
		Ad-Hoc|ARM = Ad-Hoc|ARM
		Ad-Hoc|iPhone = Ad-Hoc|iPhone
		Ad-Hoc|iPhoneSimulator = Ad-Hoc|iPhoneSimulator
		Ad-Hoc|x64 = Ad-Hoc|x64
		Ad-Hoc|x86 = Ad-Hoc|x86
		AppStore|Any CPU = AppStore|Any CPU
		AppStore|ARM = AppStore|ARM
		AppStore|iPhone = AppStore|iPhone
		AppStore|iPhoneSimulator = AppStore|iPhoneSimulator
		AppStore|x64 = AppStore|x64
		AppStore|x86 = AppStore|x86
		Debug|Any CPU = Debug|Any CPU
		Debug|ARM = Debug|ARM
		Debug|iPhone = Debug|iPhone
		Debug|iPhoneSimulator = Debug|iPhoneSimulator
		Debug|x64 = Debug|x64
		Debug|x86 = Debug|x86
		Release|Any CPU = Release|Any CPU
		Release|ARM = Release|ARM
		Release|iPhone = Release|iPhone
		Release|iPhoneSimulator = Release|iPhoneSimulator
		Release|x64 = Release|x64
		Release|x86 = Release|x86
	EndGlobalSection
	GlobalSection(ProjectConfigurationPlatforms) = postSolution
		{62043B2F-FCBE-4E5C-8A83-D99BCFD739E2}.Ad-Hoc|Any CPU.ActiveCfg = Release|Any CPU
		{62043B2F-FCBE-4E5C-8A83-D99BCFD739E2}.Ad-Hoc|Any CPU.Build.0 = Release|Any CPU
		{62043B2F-FCBE-4E5C-8A83-D99BCFD739E2}.Ad-Hoc|Any CPU.Deploy.0 = Release|Any CPU
		{62043B2F-FCBE-4E5C-8A83-D99BCFD739E2}.Ad-Hoc|ARM.ActiveCfg = Release|Any CPU
		{62043B2F-FCBE-4E5C-8A83-D99BCFD739E2}.Ad-Hoc|ARM.Build.0 = Release|Any CPU
		{62043B2F-FCBE-4E5C-8A83-D99BCFD739E2}.Ad-Hoc|ARM.Deploy.0 = Release|Any CPU
		{62043B2F-FCBE-4E5C-8A83-D99BCFD739E2}.Ad-Hoc|iPhone.ActiveCfg = Release|Any CPU
		{62043B2F-FCBE-4E5C-8A83-D99BCFD739E2}.Ad-Hoc|iPhone.Build.0 = Release|Any CPU
		{62043B2F-FCBE-4E5C-8A83-D99BCFD739E2}.Ad-Hoc|iPhone.Deploy.0 = Release|Any CPU
		{62043B2F-FCBE-4E5C-8A83-D99BCFD739E2}.Ad-Hoc|iPhoneSimulator.ActiveCfg = Release|Any CPU
		{62043B2F-FCBE-4E5C-8A83-D99BCFD739E2}.Ad-Hoc|iPhoneSimulator.Build.0 = Release|Any CPU
		{62043B2F-FCBE-4E5C-8A83-D99BCFD739E2}.Ad-Hoc|iPhoneSimulator.Deploy.0 = Release|Any CPU
		{62043B2F-FCBE-4E5C-8A83-D99BCFD739E2}.Ad-Hoc|x64.ActiveCfg = Release|Any CPU
		{62043B2F-FCBE-4E5C-8A83-D99BCFD739E2}.Ad-Hoc|x64.Build.0 = Release|Any CPU
		{62043B2F-FCBE-4E5C-8A83-D99BCFD739E2}.Ad-Hoc|x64.Deploy.0 = Release|Any CPU
		{62043B2F-FCBE-4E5C-8A83-D99BCFD739E2}.Ad-Hoc|x86.ActiveCfg = Release|Any CPU
		{62043B2F-FCBE-4E5C-8A83-D99BCFD739E2}.Ad-Hoc|x86.Build.0 = Release|Any CPU
		{62043B2F-FCBE-4E5C-8A83-D99BCFD739E2}.Ad-Hoc|x86.Deploy.0 = Release|Any CPU
		{62043B2F-FCBE-4E5C-8A83-D99BCFD739E2}.AppStore|Any CPU.ActiveCfg = Release|Any CPU
		{62043B2F-FCBE-4E5C-8A83-D99BCFD739E2}.AppStore|Any CPU.Build.0 = Release|Any CPU
		{62043B2F-FCBE-4E5C-8A83-D99BCFD739E2}.AppStore|Any CPU.Deploy.0 = Release|Any CPU
		{62043B2F-FCBE-4E5C-8A83-D99BCFD739E2}.AppStore|ARM.ActiveCfg = Release|Any CPU
		{62043B2F-FCBE-4E5C-8A83-D99BCFD739E2}.AppStore|ARM.Build.0 = Release|Any CPU
		{62043B2F-FCBE-4E5C-8A83-D99BCFD739E2}.AppStore|ARM.Deploy.0 = Release|Any CPU
		{62043B2F-FCBE-4E5C-8A83-D99BCFD739E2}.AppStore|iPhone.ActiveCfg = Release|Any CPU
		{62043B2F-FCBE-4E5C-8A83-D99BCFD739E2}.AppStore|iPhone.Build.0 = Release|Any CPU
		{62043B2F-FCBE-4E5C-8A83-D99BCFD739E2}.AppStore|iPhone.Deploy.0 = Release|Any CPU
		{62043B2F-FCBE-4E5C-8A83-D99BCFD739E2}.AppStore|iPhoneSimulator.ActiveCfg = Release|Any CPU
		{62043B2F-FCBE-4E5C-8A83-D99BCFD739E2}.AppStore|iPhoneSimulator.Build.0 = Release|Any CPU
		{62043B2F-FCBE-4E5C-8A83-D99BCFD739E2}.AppStore|iPhoneSimulator.Deploy.0 = Release|Any CPU
		{62043B2F-FCBE-4E5C-8A83-D99BCFD739E2}.AppStore|x64.ActiveCfg = Release|Any CPU
		{62043B2F-FCBE-4E5C-8A83-D99BCFD739E2}.AppStore|x64.Build.0 = Release|Any CPU
		{62043B2F-FCBE-4E5C-8A83-D99BCFD739E2}.AppStore|x64.Deploy.0 = Release|Any CPU
		{62043B2F-FCBE-4E5C-8A83-D99BCFD739E2}.AppStore|x86.ActiveCfg = Release|Any CPU
		{62043B2F-FCBE-4E5C-8A83-D99BCFD739E2}.AppStore|x86.Build.0 = Release|Any CPU
		{62043B2F-FCBE-4E5C-8A83-D99BCFD739E2}.AppStore|x86.Deploy.0 = Release|Any CPU
		{62043B2F-FCBE-4E5C-8A83-D99BCFD739E2}.Debug|Any CPU.ActiveCfg = Debug|Any CPU
		{62043B2F-FCBE-4E5C-8A83-D99BCFD739E2}.Debug|Any CPU.Build.0 = Debug|Any CPU
		{62043B2F-FCBE-4E5C-8A83-D99BCFD739E2}.Debug|Any CPU.Deploy.0 = Debug|Any CPU
		{62043B2F-FCBE-4E5C-8A83-D99BCFD739E2}.Debug|ARM.ActiveCfg = Debug|Any CPU
		{62043B2F-FCBE-4E5C-8A83-D99BCFD739E2}.Debug|ARM.Build.0 = Debug|Any CPU
		{62043B2F-FCBE-4E5C-8A83-D99BCFD739E2}.Debug|ARM.Deploy.0 = Debug|Any CPU
		{62043B2F-FCBE-4E5C-8A83-D99BCFD739E2}.Debug|iPhone.ActiveCfg = Debug|Any CPU
		{62043B2F-FCBE-4E5C-8A83-D99BCFD739E2}.Debug|iPhone.Build.0 = Debug|Any CPU
		{62043B2F-FCBE-4E5C-8A83-D99BCFD739E2}.Debug|iPhone.Deploy.0 = Debug|Any CPU
		{62043B2F-FCBE-4E5C-8A83-D99BCFD739E2}.Debug|iPhoneSimulator.ActiveCfg = Debug|Any CPU
		{62043B2F-FCBE-4E5C-8A83-D99BCFD739E2}.Debug|iPhoneSimulator.Build.0 = Debug|Any CPU
		{62043B2F-FCBE-4E5C-8A83-D99BCFD739E2}.Debug|iPhoneSimulator.Deploy.0 = Debug|Any CPU
		{62043B2F-FCBE-4E5C-8A83-D99BCFD739E2}.Debug|x64.ActiveCfg = Debug|Any CPU
		{62043B2F-FCBE-4E5C-8A83-D99BCFD739E2}.Debug|x64.Build.0 = Debug|Any CPU
		{62043B2F-FCBE-4E5C-8A83-D99BCFD739E2}.Debug|x64.Deploy.0 = Debug|Any CPU
		{62043B2F-FCBE-4E5C-8A83-D99BCFD739E2}.Debug|x86.ActiveCfg = Debug|Any CPU
		{62043B2F-FCBE-4E5C-8A83-D99BCFD739E2}.Debug|x86.Build.0 = Debug|Any CPU
		{62043B2F-FCBE-4E5C-8A83-D99BCFD739E2}.Debug|x86.Deploy.0 = Debug|Any CPU
		{62043B2F-FCBE-4E5C-8A83-D99BCFD739E2}.Release|Any CPU.ActiveCfg = Release|Any CPU
		{62043B2F-FCBE-4E5C-8A83-D99BCFD739E2}.Release|Any CPU.Build.0 = Release|Any CPU
		{62043B2F-FCBE-4E5C-8A83-D99BCFD739E2}.Release|Any CPU.Deploy.0 = Release|Any CPU
		{62043B2F-FCBE-4E5C-8A83-D99BCFD739E2}.Release|ARM.ActiveCfg = Release|Any CPU
		{62043B2F-FCBE-4E5C-8A83-D99BCFD739E2}.Release|ARM.Build.0 = Release|Any CPU
		{62043B2F-FCBE-4E5C-8A83-D99BCFD739E2}.Release|ARM.Deploy.0 = Release|Any CPU
		{62043B2F-FCBE-4E5C-8A83-D99BCFD739E2}.Release|iPhone.ActiveCfg = Release|Any CPU
		{62043B2F-FCBE-4E5C-8A83-D99BCFD739E2}.Release|iPhone.Build.0 = Release|Any CPU
		{62043B2F-FCBE-4E5C-8A83-D99BCFD739E2}.Release|iPhone.Deploy.0 = Release|Any CPU
		{62043B2F-FCBE-4E5C-8A83-D99BCFD739E2}.Release|iPhoneSimulator.ActiveCfg = Release|Any CPU
		{62043B2F-FCBE-4E5C-8A83-D99BCFD739E2}.Release|iPhoneSimulator.Build.0 = Release|Any CPU
		{62043B2F-FCBE-4E5C-8A83-D99BCFD739E2}.Release|iPhoneSimulator.Deploy.0 = Release|Any CPU
		{62043B2F-FCBE-4E5C-8A83-D99BCFD739E2}.Release|x64.ActiveCfg = Release|Any CPU
		{62043B2F-FCBE-4E5C-8A83-D99BCFD739E2}.Release|x64.Build.0 = Release|Any CPU
		{62043B2F-FCBE-4E5C-8A83-D99BCFD739E2}.Release|x64.Deploy.0 = Release|Any CPU
		{62043B2F-FCBE-4E5C-8A83-D99BCFD739E2}.Release|x86.ActiveCfg = Release|Any CPU
		{62043B2F-FCBE-4E5C-8A83-D99BCFD739E2}.Release|x86.Build.0 = Release|Any CPU
		{62043B2F-FCBE-4E5C-8A83-D99BCFD739E2}.Release|x86.Deploy.0 = Release|Any CPU
		{DF17FF4F-32E2-4B4A-8060-A841A9D4C0EC}.Ad-Hoc|Any CPU.ActiveCfg = Ad-Hoc|iPhone
		{DF17FF4F-32E2-4B4A-8060-A841A9D4C0EC}.Ad-Hoc|Any CPU.Build.0 = Ad-Hoc|iPhone
		{DF17FF4F-32E2-4B4A-8060-A841A9D4C0EC}.Ad-Hoc|Any CPU.Deploy.0 = Ad-Hoc|iPhone
		{DF17FF4F-32E2-4B4A-8060-A841A9D4C0EC}.Ad-Hoc|ARM.ActiveCfg = Ad-Hoc|iPhone
		{DF17FF4F-32E2-4B4A-8060-A841A9D4C0EC}.Ad-Hoc|ARM.Build.0 = Ad-Hoc|iPhone
		{DF17FF4F-32E2-4B4A-8060-A841A9D4C0EC}.Ad-Hoc|ARM.Deploy.0 = Ad-Hoc|iPhone
		{DF17FF4F-32E2-4B4A-8060-A841A9D4C0EC}.Ad-Hoc|iPhone.ActiveCfg = Ad-Hoc|iPhone
		{DF17FF4F-32E2-4B4A-8060-A841A9D4C0EC}.Ad-Hoc|iPhone.Build.0 = Ad-Hoc|iPhone
		{DF17FF4F-32E2-4B4A-8060-A841A9D4C0EC}.Ad-Hoc|iPhone.Deploy.0 = Ad-Hoc|iPhone
		{DF17FF4F-32E2-4B4A-8060-A841A9D4C0EC}.Ad-Hoc|iPhoneSimulator.ActiveCfg = Ad-Hoc|iPhoneSimulator
		{DF17FF4F-32E2-4B4A-8060-A841A9D4C0EC}.Ad-Hoc|iPhoneSimulator.Build.0 = Ad-Hoc|iPhoneSimulator
		{DF17FF4F-32E2-4B4A-8060-A841A9D4C0EC}.Ad-Hoc|iPhoneSimulator.Deploy.0 = Ad-Hoc|iPhoneSimulator
		{DF17FF4F-32E2-4B4A-8060-A841A9D4C0EC}.Ad-Hoc|x64.ActiveCfg = Ad-Hoc|iPhone
		{DF17FF4F-32E2-4B4A-8060-A841A9D4C0EC}.Ad-Hoc|x64.Build.0 = Ad-Hoc|iPhone
		{DF17FF4F-32E2-4B4A-8060-A841A9D4C0EC}.Ad-Hoc|x64.Deploy.0 = Ad-Hoc|iPhone
		{DF17FF4F-32E2-4B4A-8060-A841A9D4C0EC}.Ad-Hoc|x86.ActiveCfg = Ad-Hoc|iPhone
		{DF17FF4F-32E2-4B4A-8060-A841A9D4C0EC}.Ad-Hoc|x86.Build.0 = Ad-Hoc|iPhone
		{DF17FF4F-32E2-4B4A-8060-A841A9D4C0EC}.Ad-Hoc|x86.Deploy.0 = Ad-Hoc|iPhone
		{DF17FF4F-32E2-4B4A-8060-A841A9D4C0EC}.AppStore|Any CPU.ActiveCfg = AppStore|iPhone
		{DF17FF4F-32E2-4B4A-8060-A841A9D4C0EC}.AppStore|Any CPU.Build.0 = AppStore|iPhone
		{DF17FF4F-32E2-4B4A-8060-A841A9D4C0EC}.AppStore|Any CPU.Deploy.0 = AppStore|iPhone
		{DF17FF4F-32E2-4B4A-8060-A841A9D4C0EC}.AppStore|ARM.ActiveCfg = AppStore|iPhone
		{DF17FF4F-32E2-4B4A-8060-A841A9D4C0EC}.AppStore|ARM.Build.0 = AppStore|iPhone
		{DF17FF4F-32E2-4B4A-8060-A841A9D4C0EC}.AppStore|ARM.Deploy.0 = AppStore|iPhone
		{DF17FF4F-32E2-4B4A-8060-A841A9D4C0EC}.AppStore|iPhone.ActiveCfg = AppStore|iPhone
		{DF17FF4F-32E2-4B4A-8060-A841A9D4C0EC}.AppStore|iPhone.Build.0 = AppStore|iPhone
		{DF17FF4F-32E2-4B4A-8060-A841A9D4C0EC}.AppStore|iPhone.Deploy.0 = AppStore|iPhone
		{DF17FF4F-32E2-4B4A-8060-A841A9D4C0EC}.AppStore|iPhoneSimulator.ActiveCfg = AppStore|iPhoneSimulator
		{DF17FF4F-32E2-4B4A-8060-A841A9D4C0EC}.AppStore|iPhoneSimulator.Build.0 = AppStore|iPhoneSimulator
		{DF17FF4F-32E2-4B4A-8060-A841A9D4C0EC}.AppStore|iPhoneSimulator.Deploy.0 = AppStore|iPhoneSimulator
		{DF17FF4F-32E2-4B4A-8060-A841A9D4C0EC}.AppStore|x64.ActiveCfg = AppStore|iPhone
		{DF17FF4F-32E2-4B4A-8060-A841A9D4C0EC}.AppStore|x64.Build.0 = AppStore|iPhone
		{DF17FF4F-32E2-4B4A-8060-A841A9D4C0EC}.AppStore|x64.Deploy.0 = AppStore|iPhone
		{DF17FF4F-32E2-4B4A-8060-A841A9D4C0EC}.AppStore|x86.ActiveCfg = AppStore|iPhone
		{DF17FF4F-32E2-4B4A-8060-A841A9D4C0EC}.AppStore|x86.Build.0 = AppStore|iPhone
		{DF17FF4F-32E2-4B4A-8060-A841A9D4C0EC}.AppStore|x86.Deploy.0 = AppStore|iPhone
		{DF17FF4F-32E2-4B4A-8060-A841A9D4C0EC}.Debug|Any CPU.ActiveCfg = Debug|iPhoneSimulator
		{DF17FF4F-32E2-4B4A-8060-A841A9D4C0EC}.Debug|Any CPU.Build.0 = Debug|iPhoneSimulator
		{DF17FF4F-32E2-4B4A-8060-A841A9D4C0EC}.Debug|Any CPU.Deploy.0 = Debug|iPhoneSimulator
		{DF17FF4F-32E2-4B4A-8060-A841A9D4C0EC}.Debug|ARM.ActiveCfg = Debug|iPhone
		{DF17FF4F-32E2-4B4A-8060-A841A9D4C0EC}.Debug|ARM.Build.0 = Debug|iPhone
		{DF17FF4F-32E2-4B4A-8060-A841A9D4C0EC}.Debug|ARM.Deploy.0 = Debug|iPhone
		{DF17FF4F-32E2-4B4A-8060-A841A9D4C0EC}.Debug|iPhone.ActiveCfg = Debug|iPhone
		{DF17FF4F-32E2-4B4A-8060-A841A9D4C0EC}.Debug|iPhone.Build.0 = Debug|iPhone
		{DF17FF4F-32E2-4B4A-8060-A841A9D4C0EC}.Debug|iPhone.Deploy.0 = Debug|iPhone
		{DF17FF4F-32E2-4B4A-8060-A841A9D4C0EC}.Debug|iPhoneSimulator.ActiveCfg = Debug|iPhoneSimulator
		{DF17FF4F-32E2-4B4A-8060-A841A9D4C0EC}.Debug|iPhoneSimulator.Build.0 = Debug|iPhoneSimulator
		{DF17FF4F-32E2-4B4A-8060-A841A9D4C0EC}.Debug|iPhoneSimulator.Deploy.0 = Debug|iPhoneSimulator
		{DF17FF4F-32E2-4B4A-8060-A841A9D4C0EC}.Debug|x64.ActiveCfg = Debug|iPhone
		{DF17FF4F-32E2-4B4A-8060-A841A9D4C0EC}.Debug|x64.Build.0 = Debug|iPhone
		{DF17FF4F-32E2-4B4A-8060-A841A9D4C0EC}.Debug|x64.Deploy.0 = Debug|iPhone
		{DF17FF4F-32E2-4B4A-8060-A841A9D4C0EC}.Debug|x86.ActiveCfg = Debug|iPhone
		{DF17FF4F-32E2-4B4A-8060-A841A9D4C0EC}.Debug|x86.Build.0 = Debug|iPhone
		{DF17FF4F-32E2-4B4A-8060-A841A9D4C0EC}.Debug|x86.Deploy.0 = Debug|iPhone
		{DF17FF4F-32E2-4B4A-8060-A841A9D4C0EC}.Release|Any CPU.ActiveCfg = Release|iPhone
		{DF17FF4F-32E2-4B4A-8060-A841A9D4C0EC}.Release|Any CPU.Build.0 = Release|iPhone
		{DF17FF4F-32E2-4B4A-8060-A841A9D4C0EC}.Release|Any CPU.Deploy.0 = Release|iPhone
		{DF17FF4F-32E2-4B4A-8060-A841A9D4C0EC}.Release|ARM.ActiveCfg = Release|iPhone
		{DF17FF4F-32E2-4B4A-8060-A841A9D4C0EC}.Release|ARM.Build.0 = Release|iPhone
		{DF17FF4F-32E2-4B4A-8060-A841A9D4C0EC}.Release|ARM.Deploy.0 = Release|iPhone
		{DF17FF4F-32E2-4B4A-8060-A841A9D4C0EC}.Release|iPhone.ActiveCfg = Release|iPhone
		{DF17FF4F-32E2-4B4A-8060-A841A9D4C0EC}.Release|iPhone.Build.0 = Release|iPhone
		{DF17FF4F-32E2-4B4A-8060-A841A9D4C0EC}.Release|iPhone.Deploy.0 = Release|iPhone
		{DF17FF4F-32E2-4B4A-8060-A841A9D4C0EC}.Release|iPhoneSimulator.ActiveCfg = Release|iPhoneSimulator
		{DF17FF4F-32E2-4B4A-8060-A841A9D4C0EC}.Release|iPhoneSimulator.Build.0 = Release|iPhoneSimulator
		{DF17FF4F-32E2-4B4A-8060-A841A9D4C0EC}.Release|iPhoneSimulator.Deploy.0 = Release|iPhoneSimulator
		{DF17FF4F-32E2-4B4A-8060-A841A9D4C0EC}.Release|x64.ActiveCfg = Release|iPhone
		{DF17FF4F-32E2-4B4A-8060-A841A9D4C0EC}.Release|x64.Build.0 = Release|iPhone
		{DF17FF4F-32E2-4B4A-8060-A841A9D4C0EC}.Release|x64.Deploy.0 = Release|iPhone
		{DF17FF4F-32E2-4B4A-8060-A841A9D4C0EC}.Release|x86.ActiveCfg = Release|iPhone
		{DF17FF4F-32E2-4B4A-8060-A841A9D4C0EC}.Release|x86.Build.0 = Release|iPhone
		{DF17FF4F-32E2-4B4A-8060-A841A9D4C0EC}.Release|x86.Deploy.0 = Release|iPhone
		{134F151F-6278-49D6-99B3-DA5A11B6666C}.Ad-Hoc|Any CPU.ActiveCfg = Release|x86
		{134F151F-6278-49D6-99B3-DA5A11B6666C}.Ad-Hoc|Any CPU.Build.0 = Release|x86
		{134F151F-6278-49D6-99B3-DA5A11B6666C}.Ad-Hoc|Any CPU.Deploy.0 = Release|x86
		{134F151F-6278-49D6-99B3-DA5A11B6666C}.Ad-Hoc|ARM.ActiveCfg = Release|ARM
		{134F151F-6278-49D6-99B3-DA5A11B6666C}.Ad-Hoc|ARM.Build.0 = Release|ARM
		{134F151F-6278-49D6-99B3-DA5A11B6666C}.Ad-Hoc|ARM.Deploy.0 = Release|ARM
		{134F151F-6278-49D6-99B3-DA5A11B6666C}.Ad-Hoc|iPhone.ActiveCfg = Release|x86
		{134F151F-6278-49D6-99B3-DA5A11B6666C}.Ad-Hoc|iPhone.Build.0 = Release|x86
		{134F151F-6278-49D6-99B3-DA5A11B6666C}.Ad-Hoc|iPhone.Deploy.0 = Release|x86
		{134F151F-6278-49D6-99B3-DA5A11B6666C}.Ad-Hoc|iPhoneSimulator.ActiveCfg = Release|x86
		{134F151F-6278-49D6-99B3-DA5A11B6666C}.Ad-Hoc|iPhoneSimulator.Build.0 = Release|x86
		{134F151F-6278-49D6-99B3-DA5A11B6666C}.Ad-Hoc|iPhoneSimulator.Deploy.0 = Release|x86
		{134F151F-6278-49D6-99B3-DA5A11B6666C}.Ad-Hoc|x64.ActiveCfg = Release|x64
		{134F151F-6278-49D6-99B3-DA5A11B6666C}.Ad-Hoc|x64.Build.0 = Release|x64
		{134F151F-6278-49D6-99B3-DA5A11B6666C}.Ad-Hoc|x64.Deploy.0 = Release|x64
		{134F151F-6278-49D6-99B3-DA5A11B6666C}.Ad-Hoc|x86.ActiveCfg = Release|x86
		{134F151F-6278-49D6-99B3-DA5A11B6666C}.Ad-Hoc|x86.Build.0 = Release|x86
		{134F151F-6278-49D6-99B3-DA5A11B6666C}.Ad-Hoc|x86.Deploy.0 = Release|x86
		{134F151F-6278-49D6-99B3-DA5A11B6666C}.AppStore|Any CPU.ActiveCfg = Release|x86
		{134F151F-6278-49D6-99B3-DA5A11B6666C}.AppStore|Any CPU.Build.0 = Release|x86
		{134F151F-6278-49D6-99B3-DA5A11B6666C}.AppStore|Any CPU.Deploy.0 = Release|x86
		{134F151F-6278-49D6-99B3-DA5A11B6666C}.AppStore|ARM.ActiveCfg = Release|ARM
		{134F151F-6278-49D6-99B3-DA5A11B6666C}.AppStore|ARM.Build.0 = Release|ARM
		{134F151F-6278-49D6-99B3-DA5A11B6666C}.AppStore|ARM.Deploy.0 = Release|ARM
		{134F151F-6278-49D6-99B3-DA5A11B6666C}.AppStore|iPhone.ActiveCfg = Release|x86
		{134F151F-6278-49D6-99B3-DA5A11B6666C}.AppStore|iPhone.Build.0 = Release|x86
		{134F151F-6278-49D6-99B3-DA5A11B6666C}.AppStore|iPhone.Deploy.0 = Release|x86
		{134F151F-6278-49D6-99B3-DA5A11B6666C}.AppStore|iPhoneSimulator.ActiveCfg = Release|x86
		{134F151F-6278-49D6-99B3-DA5A11B6666C}.AppStore|iPhoneSimulator.Build.0 = Release|x86
		{134F151F-6278-49D6-99B3-DA5A11B6666C}.AppStore|iPhoneSimulator.Deploy.0 = Release|x86
		{134F151F-6278-49D6-99B3-DA5A11B6666C}.AppStore|x64.ActiveCfg = Release|x64
		{134F151F-6278-49D6-99B3-DA5A11B6666C}.AppStore|x64.Build.0 = Release|x64
		{134F151F-6278-49D6-99B3-DA5A11B6666C}.AppStore|x64.Deploy.0 = Release|x64
		{134F151F-6278-49D6-99B3-DA5A11B6666C}.AppStore|x86.ActiveCfg = Release|x86
		{134F151F-6278-49D6-99B3-DA5A11B6666C}.AppStore|x86.Build.0 = Release|x86
		{134F151F-6278-49D6-99B3-DA5A11B6666C}.AppStore|x86.Deploy.0 = Release|x86
		{134F151F-6278-49D6-99B3-DA5A11B6666C}.Debug|Any CPU.ActiveCfg = Debug|x86
		{134F151F-6278-49D6-99B3-DA5A11B6666C}.Debug|Any CPU.Build.0 = Debug|x86
		{134F151F-6278-49D6-99B3-DA5A11B6666C}.Debug|Any CPU.Deploy.0 = Debug|x86
		{134F151F-6278-49D6-99B3-DA5A11B6666C}.Debug|ARM.ActiveCfg = Debug|ARM
		{134F151F-6278-49D6-99B3-DA5A11B6666C}.Debug|ARM.Build.0 = Debug|ARM
		{134F151F-6278-49D6-99B3-DA5A11B6666C}.Debug|ARM.Deploy.0 = Debug|ARM
		{134F151F-6278-49D6-99B3-DA5A11B6666C}.Debug|iPhone.ActiveCfg = Debug|x86
		{134F151F-6278-49D6-99B3-DA5A11B6666C}.Debug|iPhone.Build.0 = Debug|x86
		{134F151F-6278-49D6-99B3-DA5A11B6666C}.Debug|iPhone.Deploy.0 = Debug|x86
		{134F151F-6278-49D6-99B3-DA5A11B6666C}.Debug|iPhoneSimulator.ActiveCfg = Debug|x86
		{134F151F-6278-49D6-99B3-DA5A11B6666C}.Debug|iPhoneSimulator.Build.0 = Debug|x86
		{134F151F-6278-49D6-99B3-DA5A11B6666C}.Debug|iPhoneSimulator.Deploy.0 = Debug|x86
		{134F151F-6278-49D6-99B3-DA5A11B6666C}.Debug|x64.ActiveCfg = Debug|x64
		{134F151F-6278-49D6-99B3-DA5A11B6666C}.Debug|x64.Build.0 = Debug|x64
		{134F151F-6278-49D6-99B3-DA5A11B6666C}.Debug|x64.Deploy.0 = Debug|x64
		{134F151F-6278-49D6-99B3-DA5A11B6666C}.Debug|x86.ActiveCfg = Debug|x86
		{134F151F-6278-49D6-99B3-DA5A11B6666C}.Debug|x86.Build.0 = Debug|x86
		{134F151F-6278-49D6-99B3-DA5A11B6666C}.Debug|x86.Deploy.0 = Debug|x86
		{134F151F-6278-49D6-99B3-DA5A11B6666C}.Release|Any CPU.ActiveCfg = Release|x86
		{134F151F-6278-49D6-99B3-DA5A11B6666C}.Release|Any CPU.Build.0 = Release|x86
		{134F151F-6278-49D6-99B3-DA5A11B6666C}.Release|Any CPU.Deploy.0 = Release|x86
		{134F151F-6278-49D6-99B3-DA5A11B6666C}.Release|ARM.ActiveCfg = Release|ARM
		{134F151F-6278-49D6-99B3-DA5A11B6666C}.Release|ARM.Build.0 = Release|ARM
		{134F151F-6278-49D6-99B3-DA5A11B6666C}.Release|ARM.Deploy.0 = Release|ARM
		{134F151F-6278-49D6-99B3-DA5A11B6666C}.Release|iPhone.ActiveCfg = Release|x86
		{134F151F-6278-49D6-99B3-DA5A11B6666C}.Release|iPhone.Build.0 = Release|x86
		{134F151F-6278-49D6-99B3-DA5A11B6666C}.Release|iPhone.Deploy.0 = Release|x86
		{134F151F-6278-49D6-99B3-DA5A11B6666C}.Release|iPhoneSimulator.ActiveCfg = Release|x86
		{134F151F-6278-49D6-99B3-DA5A11B6666C}.Release|iPhoneSimulator.Build.0 = Release|x86
		{134F151F-6278-49D6-99B3-DA5A11B6666C}.Release|iPhoneSimulator.Deploy.0 = Release|x86
		{134F151F-6278-49D6-99B3-DA5A11B6666C}.Release|x64.ActiveCfg = Release|x64
		{134F151F-6278-49D6-99B3-DA5A11B6666C}.Release|x64.Build.0 = Release|x64
		{134F151F-6278-49D6-99B3-DA5A11B6666C}.Release|x64.Deploy.0 = Release|x64
		{134F151F-6278-49D6-99B3-DA5A11B6666C}.Release|x86.ActiveCfg = Release|x86
		{134F151F-6278-49D6-99B3-DA5A11B6666C}.Release|x86.Build.0 = Release|x86
		{134F151F-6278-49D6-99B3-DA5A11B6666C}.Release|x86.Deploy.0 = Release|x86
		{EAD63838-1B35-4563-97DB-D3F370CD5308}.Ad-Hoc|Any CPU.ActiveCfg = Debug|Any CPU
		{EAD63838-1B35-4563-97DB-D3F370CD5308}.Ad-Hoc|Any CPU.Build.0 = Debug|Any CPU
		{EAD63838-1B35-4563-97DB-D3F370CD5308}.Ad-Hoc|Any CPU.Deploy.0 = Debug|Any CPU
		{EAD63838-1B35-4563-97DB-D3F370CD5308}.Ad-Hoc|ARM.ActiveCfg = Debug|Any CPU
		{EAD63838-1B35-4563-97DB-D3F370CD5308}.Ad-Hoc|ARM.Build.0 = Debug|Any CPU
		{EAD63838-1B35-4563-97DB-D3F370CD5308}.Ad-Hoc|ARM.Deploy.0 = Debug|Any CPU
		{EAD63838-1B35-4563-97DB-D3F370CD5308}.Ad-Hoc|iPhone.ActiveCfg = Debug|Any CPU
		{EAD63838-1B35-4563-97DB-D3F370CD5308}.Ad-Hoc|iPhone.Build.0 = Debug|Any CPU
		{EAD63838-1B35-4563-97DB-D3F370CD5308}.Ad-Hoc|iPhone.Deploy.0 = Debug|Any CPU
		{EAD63838-1B35-4563-97DB-D3F370CD5308}.Ad-Hoc|iPhoneSimulator.ActiveCfg = Debug|Any CPU
		{EAD63838-1B35-4563-97DB-D3F370CD5308}.Ad-Hoc|iPhoneSimulator.Build.0 = Debug|Any CPU
		{EAD63838-1B35-4563-97DB-D3F370CD5308}.Ad-Hoc|iPhoneSimulator.Deploy.0 = Debug|Any CPU
		{EAD63838-1B35-4563-97DB-D3F370CD5308}.Ad-Hoc|x64.ActiveCfg = Debug|Any CPU
		{EAD63838-1B35-4563-97DB-D3F370CD5308}.Ad-Hoc|x64.Build.0 = Debug|Any CPU
		{EAD63838-1B35-4563-97DB-D3F370CD5308}.Ad-Hoc|x64.Deploy.0 = Debug|Any CPU
		{EAD63838-1B35-4563-97DB-D3F370CD5308}.Ad-Hoc|x86.ActiveCfg = Debug|Any CPU
		{EAD63838-1B35-4563-97DB-D3F370CD5308}.Ad-Hoc|x86.Build.0 = Debug|Any CPU
		{EAD63838-1B35-4563-97DB-D3F370CD5308}.Ad-Hoc|x86.Deploy.0 = Debug|Any CPU
		{EAD63838-1B35-4563-97DB-D3F370CD5308}.AppStore|Any CPU.ActiveCfg = Debug|Any CPU
		{EAD63838-1B35-4563-97DB-D3F370CD5308}.AppStore|Any CPU.Build.0 = Debug|Any CPU
		{EAD63838-1B35-4563-97DB-D3F370CD5308}.AppStore|Any CPU.Deploy.0 = Debug|Any CPU
		{EAD63838-1B35-4563-97DB-D3F370CD5308}.AppStore|ARM.ActiveCfg = Debug|Any CPU
		{EAD63838-1B35-4563-97DB-D3F370CD5308}.AppStore|ARM.Build.0 = Debug|Any CPU
		{EAD63838-1B35-4563-97DB-D3F370CD5308}.AppStore|ARM.Deploy.0 = Debug|Any CPU
		{EAD63838-1B35-4563-97DB-D3F370CD5308}.AppStore|iPhone.ActiveCfg = Debug|Any CPU
		{EAD63838-1B35-4563-97DB-D3F370CD5308}.AppStore|iPhone.Build.0 = Debug|Any CPU
		{EAD63838-1B35-4563-97DB-D3F370CD5308}.AppStore|iPhone.Deploy.0 = Debug|Any CPU
		{EAD63838-1B35-4563-97DB-D3F370CD5308}.AppStore|iPhoneSimulator.ActiveCfg = Debug|Any CPU
		{EAD63838-1B35-4563-97DB-D3F370CD5308}.AppStore|iPhoneSimulator.Build.0 = Debug|Any CPU
		{EAD63838-1B35-4563-97DB-D3F370CD5308}.AppStore|iPhoneSimulator.Deploy.0 = Debug|Any CPU
		{EAD63838-1B35-4563-97DB-D3F370CD5308}.AppStore|x64.ActiveCfg = Debug|Any CPU
		{EAD63838-1B35-4563-97DB-D3F370CD5308}.AppStore|x64.Build.0 = Debug|Any CPU
		{EAD63838-1B35-4563-97DB-D3F370CD5308}.AppStore|x64.Deploy.0 = Debug|Any CPU
		{EAD63838-1B35-4563-97DB-D3F370CD5308}.AppStore|x86.ActiveCfg = Debug|Any CPU
		{EAD63838-1B35-4563-97DB-D3F370CD5308}.AppStore|x86.Build.0 = Debug|Any CPU
		{EAD63838-1B35-4563-97DB-D3F370CD5308}.AppStore|x86.Deploy.0 = Debug|Any CPU
		{EAD63838-1B35-4563-97DB-D3F370CD5308}.Debug|Any CPU.ActiveCfg = Debug|Any CPU
		{EAD63838-1B35-4563-97DB-D3F370CD5308}.Debug|Any CPU.Build.0 = Debug|Any CPU
		{EAD63838-1B35-4563-97DB-D3F370CD5308}.Debug|Any CPU.Deploy.0 = Debug|Any CPU
		{EAD63838-1B35-4563-97DB-D3F370CD5308}.Debug|ARM.ActiveCfg = Debug|Any CPU
		{EAD63838-1B35-4563-97DB-D3F370CD5308}.Debug|ARM.Build.0 = Debug|Any CPU
		{EAD63838-1B35-4563-97DB-D3F370CD5308}.Debug|ARM.Deploy.0 = Debug|Any CPU
		{EAD63838-1B35-4563-97DB-D3F370CD5308}.Debug|iPhone.ActiveCfg = Debug|Any CPU
		{EAD63838-1B35-4563-97DB-D3F370CD5308}.Debug|iPhone.Build.0 = Debug|Any CPU
		{EAD63838-1B35-4563-97DB-D3F370CD5308}.Debug|iPhone.Deploy.0 = Debug|Any CPU
		{EAD63838-1B35-4563-97DB-D3F370CD5308}.Debug|iPhoneSimulator.ActiveCfg = Debug|Any CPU
		{EAD63838-1B35-4563-97DB-D3F370CD5308}.Debug|iPhoneSimulator.Build.0 = Debug|Any CPU
		{EAD63838-1B35-4563-97DB-D3F370CD5308}.Debug|iPhoneSimulator.Deploy.0 = Debug|Any CPU
		{EAD63838-1B35-4563-97DB-D3F370CD5308}.Debug|x64.ActiveCfg = Debug|Any CPU
		{EAD63838-1B35-4563-97DB-D3F370CD5308}.Debug|x64.Build.0 = Debug|Any CPU
		{EAD63838-1B35-4563-97DB-D3F370CD5308}.Debug|x64.Deploy.0 = Debug|Any CPU
		{EAD63838-1B35-4563-97DB-D3F370CD5308}.Debug|x86.ActiveCfg = Debug|Any CPU
		{EAD63838-1B35-4563-97DB-D3F370CD5308}.Debug|x86.Build.0 = Debug|Any CPU
		{EAD63838-1B35-4563-97DB-D3F370CD5308}.Debug|x86.Deploy.0 = Debug|Any CPU
		{EAD63838-1B35-4563-97DB-D3F370CD5308}.Release|Any CPU.ActiveCfg = Release|Any CPU
		{EAD63838-1B35-4563-97DB-D3F370CD5308}.Release|Any CPU.Build.0 = Release|Any CPU
		{EAD63838-1B35-4563-97DB-D3F370CD5308}.Release|Any CPU.Deploy.0 = Release|Any CPU
		{EAD63838-1B35-4563-97DB-D3F370CD5308}.Release|ARM.ActiveCfg = Release|Any CPU
		{EAD63838-1B35-4563-97DB-D3F370CD5308}.Release|ARM.Build.0 = Release|Any CPU
		{EAD63838-1B35-4563-97DB-D3F370CD5308}.Release|ARM.Deploy.0 = Release|Any CPU
		{EAD63838-1B35-4563-97DB-D3F370CD5308}.Release|iPhone.ActiveCfg = Release|Any CPU
		{EAD63838-1B35-4563-97DB-D3F370CD5308}.Release|iPhone.Build.0 = Release|Any CPU
		{EAD63838-1B35-4563-97DB-D3F370CD5308}.Release|iPhone.Deploy.0 = Release|Any CPU
		{EAD63838-1B35-4563-97DB-D3F370CD5308}.Release|iPhoneSimulator.ActiveCfg = Release|Any CPU
		{EAD63838-1B35-4563-97DB-D3F370CD5308}.Release|iPhoneSimulator.Build.0 = Release|Any CPU
		{EAD63838-1B35-4563-97DB-D3F370CD5308}.Release|iPhoneSimulator.Deploy.0 = Release|Any CPU
		{EAD63838-1B35-4563-97DB-D3F370CD5308}.Release|x64.ActiveCfg = Release|Any CPU
		{EAD63838-1B35-4563-97DB-D3F370CD5308}.Release|x64.Build.0 = Release|Any CPU
		{EAD63838-1B35-4563-97DB-D3F370CD5308}.Release|x64.Deploy.0 = Release|Any CPU
		{EAD63838-1B35-4563-97DB-D3F370CD5308}.Release|x86.ActiveCfg = Release|Any CPU
		{EAD63838-1B35-4563-97DB-D3F370CD5308}.Release|x86.Build.0 = Release|Any CPU
		{EAD63838-1B35-4563-97DB-D3F370CD5308}.Release|x86.Deploy.0 = Release|Any CPU
	EndGlobalSection
	GlobalSection(SolutionProperties) = preSolution
		HideSolutionNode = FALSE
	EndGlobalSection
	GlobalSection(ExtensibilityGlobals) = postSolution
		SolutionGuid = {5370E41F-E47C-4C89-87DF-6587FFD7E483}
	EndGlobalSection
EndGlobal
